
Microsoft Visual Studio Solution File, Format Version 12.00
# Visual Studio Version 16
VisualStudioVersion = 16.0.30804.86
MinimumVisualStudioVersion = 10.0.40219.1
Project("{2150E333-8FDC-42A3-9474-1A3956D46DE8}") = "Basic", "Basic", "{F74F0116-0A88-47A2-81BF-105D9A8CD009}"
EndProject
Project("{9A19103F-16F7-4668-BE54-9A1E7A4F7556}") = "IdentityExample", "Basics\IdentityExample\IdentityExample.csproj", "{3F4A4920-F0D7-47F0-8E50-ADCD7BD49800}"
EndProject
Project("{9A19103F-16F7-4668-BE54-9A1E7A4F7556}") = "BasicAuth", "Basics\BasicAuth\BasicAuth.csproj", "{C19B15D7-CCDA-47F6-9491-699E5AB88202}"
EndProject
Project("{9A19103F-16F7-4668-BE54-9A1E7A4F7556}") = "EmailVerificationPro", "Basics\EmailVerificationPro\EmailVerificationPro.csproj", "{381C3909-2484-470E-A748-32A1E4C08E79}"
EndProject
Global
	GlobalSection(SolutionConfigurationPlatforms) = preSolution
		Debug|Any CPU = Debug|Any CPU
		Release|Any CPU = Release|Any CPU
	EndGlobalSection
	GlobalSection(ProjectConfigurationPlatforms) = postSolution
		{3F4A4920-F0D7-47F0-8E50-ADCD7BD49800}.Debug|Any CPU.ActiveCfg = Debug|Any CPU
		{3F4A4920-F0D7-47F0-8E50-ADCD7BD49800}.Debug|Any CPU.Build.0 = Debug|Any CPU
		{3F4A4920-F0D7-47F0-8E50-ADCD7BD49800}.Release|Any CPU.ActiveCfg = Release|Any CPU
		{3F4A4920-F0D7-47F0-8E50-ADCD7BD49800}.Release|Any CPU.Build.0 = Release|Any CPU
		{C19B15D7-CCDA-47F6-9491-699E5AB88202}.Debug|Any CPU.ActiveCfg = Debug|Any CPU
		{C19B15D7-CCDA-47F6-9491-699E5AB88202}.Debug|Any CPU.Build.0 = Debug|Any CPU
		{C19B15D7-CCDA-47F6-9491-699E5AB88202}.Release|Any CPU.ActiveCfg = Release|Any CPU
		{C19B15D7-CCDA-47F6-9491-699E5AB88202}.Release|Any CPU.Build.0 = Release|Any CPU
		{381C3909-2484-470E-A748-32A1E4C08E79}.Debug|Any CPU.ActiveCfg = Debug|Any CPU
		{381C3909-2484-470E-A748-32A1E4C08E79}.Debug|Any CPU.Build.0 = Debug|Any CPU
		{381C3909-2484-470E-A748-32A1E4C08E79}.Release|Any CPU.ActiveCfg = Release|Any CPU
		{381C3909-2484-470E-A748-32A1E4C08E79}.Release|Any CPU.Build.0 = Release|Any CPU
	EndGlobalSection
	GlobalSection(SolutionProperties) = preSolution
		HideSolutionNode = FALSE
	EndGlobalSection
	GlobalSection(NestedProjects) = preSolution
		{3F4A4920-F0D7-47F0-8E50-ADCD7BD49800} = {F74F0116-0A88-47A2-81BF-105D9A8CD009}
		{C19B15D7-CCDA-47F6-9491-699E5AB88202} = {F74F0116-0A88-47A2-81BF-105D9A8CD009}
		{381C3909-2484-470E-A748-32A1E4C08E79} = {F74F0116-0A88-47A2-81BF-105D9A8CD009}
	EndGlobalSection
	GlobalSection(ExtensibilityGlobals) = postSolution
		SolutionGuid = {D0026BAC-00E1-4AF5-8C0F-2026DCF83F75}
	EndGlobalSection
EndGlobal
